
Microsoft Visual Studio Solution File, Format Version 12.00
# Visual Studio Version 16
VisualStudioVersion = 16.0.30413.136
MinimumVisualStudioVersion = 10.0.40219.1
Project("{FAE04EC0-301F-11D3-BF4B-00C04F79EFBC}") = "Zork", "Zork\Zork.csproj", "{8A693377-6EED-454B-88F4-5E6664C82DDA}"
EndProject
Global
	GlobalSection(SolutionConfigurationPlatforms) = preSolution
		Debug|Any CPU = Debug|Any CPU
		Release|Any CPU = Release|Any CPU
	EndGlobalSection
	GlobalSection(ProjectConfigurationPlatforms) = postSolution
		{8A693377-6EED-454B-88F4-5E6664C82DDA}.Debug|Any CPU.ActiveCfg = Debug|Any CPU
		{8A693377-6EED-454B-88F4-5E6664C82DDA}.Debug|Any CPU.Build.0 = Debug|Any CPU
		{8A693377-6EED-454B-88F4-5E6664C82DDA}.Release|Any CPU.ActiveCfg = Release|Any CPU
		{8A693377-6EED-454B-88F4-5E6664C82DDA}.Release|Any CPU.Build.0 = Release|Any CPU
	EndGlobalSection
	GlobalSection(SolutionProperties) = preSolution
		HideSolutionNode = FALSE
	EndGlobalSection
	GlobalSection(ExtensibilityGlobals) = postSolution
		SolutionGuid = {BE34FD0A-9D92-41DC-A2B3-39576795BBF3}
	EndGlobalSection
EndGlobal
